
Microsoft Visual Studio Solution File, Format Version 12.00
# Visual Studio Version 17
VisualStudioVersion = 17.14.36414.22 d17.14
MinimumVisualStudioVersion = 10.0.40219.1
Project("{FAE04EC0-301F-11D3-BF4B-00C04F79EFBC}") = "Bai 12 - Collections - List", "Bai 12 - Collections - List.csproj", "{0C59A0AB-BDE5-4BCB-9F89-5E44E354CB31}"
EndProject
Global
	GlobalSection(SolutionConfigurationPlatforms) = preSolution
		Debug|Any CPU = Debug|Any CPU
		Release|Any CPU = Release|Any CPU
	EndGlobalSection
	GlobalSection(ProjectConfigurationPlatforms) = postSolution
		{0C59A0AB-BDE5-4BCB-9F89-5E44E354CB31}.Debug|Any CPU.ActiveCfg = Debug|Any CPU
		{0C59A0AB-BDE5-4BCB-9F89-5E44E354CB31}.Debug|Any CPU.Build.0 = Debug|Any CPU
		{0C59A0AB-BDE5-4BCB-9F89-5E44E354CB31}.Release|Any CPU.ActiveCfg = Release|Any CPU
		{0C59A0AB-BDE5-4BCB-9F89-5E44E354CB31}.Release|Any CPU.Build.0 = Release|Any CPU
	EndGlobalSection
	GlobalSection(SolutionProperties) = preSolution
		HideSolutionNode = FALSE
	EndGlobalSection
	GlobalSection(ExtensibilityGlobals) = postSolution
		SolutionGuid = {0B278FB8-12D4-42F6-BC8B-540A785475A6}
	EndGlobalSection
EndGlobal
