
Microsoft Visual Studio Solution File, Format Version 12.00
# Visual Studio Version 17
VisualStudioVersion = 17.14.36414.22 d17.14
MinimumVisualStudioVersion = 10.0.40219.1
Project("{FAE04EC0-301F-11D3-BF4B-00C04F79EFBC}") = "Bai 09 - Properties nâng cao", "Bai 09 - Properties nâng cao.csproj", "{A425012F-607F-471E-98A5-F32BF565F959}"
EndProject
Global
	GlobalSection(SolutionConfigurationPlatforms) = preSolution
		Debug|Any CPU = Debug|Any CPU
		Release|Any CPU = Release|Any CPU
	EndGlobalSection
	GlobalSection(ProjectConfigurationPlatforms) = postSolution
		{A425012F-607F-471E-98A5-F32BF565F959}.Debug|Any CPU.ActiveCfg = Debug|Any CPU
		{A425012F-607F-471E-98A5-F32BF565F959}.Debug|Any CPU.Build.0 = Debug|Any CPU
		{A425012F-607F-471E-98A5-F32BF565F959}.Release|Any CPU.ActiveCfg = Release|Any CPU
		{A425012F-607F-471E-98A5-F32BF565F959}.Release|Any CPU.Build.0 = Release|Any CPU
	EndGlobalSection
	GlobalSection(SolutionProperties) = preSolution
		HideSolutionNode = FALSE
	EndGlobalSection
	GlobalSection(ExtensibilityGlobals) = postSolution
		SolutionGuid = {948C3BA9-71F3-4357-9DC1-39189238699C}
	EndGlobalSection
EndGlobal
