
Microsoft Visual Studio Solution File, Format Version 12.00
# Visual Studio Version 17
VisualStudioVersion = 17.14.36414.22 d17.14
MinimumVisualStudioVersion = 10.0.40219.1
Project("{FAE04EC0-301F-11D3-BF4B-00C04F79EFBC}") = "Bai 14 - Collection - DictionaryB", "Bai 14 - Collection - DictionaryB.csproj", "{9B1596CD-E2E8-425A-A293-B9159CF02A3B}"
EndProject
Global
	GlobalSection(SolutionConfigurationPlatforms) = preSolution
		Debug|Any CPU = Debug|Any CPU
		Release|Any CPU = Release|Any CPU
	EndGlobalSection
	GlobalSection(ProjectConfigurationPlatforms) = postSolution
		{9B1596CD-E2E8-425A-A293-B9159CF02A3B}.Debug|Any CPU.ActiveCfg = Debug|Any CPU
		{9B1596CD-E2E8-425A-A293-B9159CF02A3B}.Debug|Any CPU.Build.0 = Debug|Any CPU
		{9B1596CD-E2E8-425A-A293-B9159CF02A3B}.Release|Any CPU.ActiveCfg = Release|Any CPU
		{9B1596CD-E2E8-425A-A293-B9159CF02A3B}.Release|Any CPU.Build.0 = Release|Any CPU
	EndGlobalSection
	GlobalSection(SolutionProperties) = preSolution
		HideSolutionNode = FALSE
	EndGlobalSection
	GlobalSection(ExtensibilityGlobals) = postSolution
		SolutionGuid = {C7216617-B5D6-462C-8FAA-B305470BA9BA}
	EndGlobalSection
EndGlobal
