
Microsoft Visual Studio Solution File, Format Version 12.00
# Visual Studio Version 17
VisualStudioVersion = 17.14.36414.22 d17.14
MinimumVisualStudioVersion = 10.0.40219.1
Project("{FAE04EC0-301F-11D3-BF4B-00C04F79EFBC}") = "Struct And Class", "Struct And Class.csproj", "{CD14A7B5-36AB-47B6-91FC-E3511CA58B73}"
EndProject
Project("{2150E333-8FDC-42A3-9474-1A3956D46DE8}") = "Solution Items", "Solution Items", "{8EC462FD-D22E-90A8-E5CE-7E832BA40C5D}"
	ProjectSection(SolutionItems) = preProject
		Person.cs = Person.cs
		PersonStruct.cs = PersonStruct.cs
		Point2D = Point2D
		Point2D.cs = Point2D.cs
	EndProjectSection
EndProject
Global
	GlobalSection(SolutionConfigurationPlatforms) = preSolution
		Debug|Any CPU = Debug|Any CPU
		Release|Any CPU = Release|Any CPU
	EndGlobalSection
	GlobalSection(ProjectConfigurationPlatforms) = postSolution
		{CD14A7B5-36AB-47B6-91FC-E3511CA58B73}.Debug|Any CPU.ActiveCfg = Debug|Any CPU
		{CD14A7B5-36AB-47B6-91FC-E3511CA58B73}.Debug|Any CPU.Build.0 = Debug|Any CPU
		{CD14A7B5-36AB-47B6-91FC-E3511CA58B73}.Release|Any CPU.ActiveCfg = Release|Any CPU
		{CD14A7B5-36AB-47B6-91FC-E3511CA58B73}.Release|Any CPU.Build.0 = Release|Any CPU
	EndGlobalSection
	GlobalSection(SolutionProperties) = preSolution
		HideSolutionNode = FALSE
	EndGlobalSection
	GlobalSection(ExtensibilityGlobals) = postSolution
		SolutionGuid = {6947F3A0-EE65-4F88-93A5-B7508E1ADD10}
	EndGlobalSection
EndGlobal
