
Microsoft Visual Studio Solution File, Format Version 12.00
# Visual Studio Version 17
VisualStudioVersion = 17.14.36414.22 d17.14
MinimumVisualStudioVersion = 10.0.40219.1
Project("{FAE04EC0-301F-11D3-BF4B-00C04F79EFBC}") = "Bai 13 - Collection - Queue2", "Bai 13 - Collection - Queue2.csproj", "{9766D7D2-451C-4CF3-98C0-7B9EBE79E702}"
EndProject
Global
	GlobalSection(SolutionConfigurationPlatforms) = preSolution
		Debug|Any CPU = Debug|Any CPU
		Release|Any CPU = Release|Any CPU
	EndGlobalSection
	GlobalSection(ProjectConfigurationPlatforms) = postSolution
		{9766D7D2-451C-4CF3-98C0-7B9EBE79E702}.Debug|Any CPU.ActiveCfg = Debug|Any CPU
		{9766D7D2-451C-4CF3-98C0-7B9EBE79E702}.Debug|Any CPU.Build.0 = Debug|Any CPU
		{9766D7D2-451C-4CF3-98C0-7B9EBE79E702}.Release|Any CPU.ActiveCfg = Release|Any CPU
		{9766D7D2-451C-4CF3-98C0-7B9EBE79E702}.Release|Any CPU.Build.0 = Release|Any CPU
	EndGlobalSection
	GlobalSection(SolutionProperties) = preSolution
		HideSolutionNode = FALSE
	EndGlobalSection
	GlobalSection(ExtensibilityGlobals) = postSolution
		SolutionGuid = {BF80DE1E-7945-4189-BFB4-624B5EB21C44}
	EndGlobalSection
EndGlobal
