
Microsoft Visual Studio Solution File, Format Version 12.00
# Visual Studio Version 17
VisualStudioVersion = 17.11.35208.52
MinimumVisualStudioVersion = 10.0.40219.1
Project("{FAE04EC0-301F-11D3-BF4B-00C04F79EFBC}") = "Bai 01", "Bai 01.csproj", "{27DAD87F-9696-4378-80C9-0B0A0A4F7F23}"
EndProject
Global
	GlobalSection(SolutionConfigurationPlatforms) = preSolution
		Debug|Any CPU = Debug|Any CPU
		Release|Any CPU = Release|Any CPU
	EndGlobalSection
	GlobalSection(ProjectConfigurationPlatforms) = postSolution
		{27DAD87F-9696-4378-80C9-0B0A0A4F7F23}.Debug|Any CPU.ActiveCfg = Debug|Any CPU
		{27DAD87F-9696-4378-80C9-0B0A0A4F7F23}.Debug|Any CPU.Build.0 = Debug|Any CPU
		{27DAD87F-9696-4378-80C9-0B0A0A4F7F23}.Release|Any CPU.ActiveCfg = Release|Any CPU
		{27DAD87F-9696-4378-80C9-0B0A0A4F7F23}.Release|Any CPU.Build.0 = Release|Any CPU
	EndGlobalSection
	GlobalSection(SolutionProperties) = preSolution
		HideSolutionNode = FALSE
	EndGlobalSection
	GlobalSection(ExtensibilityGlobals) = postSolution
		SolutionGuid = {5ED9394B-691C-41A6-91C5-A596CC0A6877}
	EndGlobalSection
EndGlobal
