
Microsoft Visual Studio Solution File, Format Version 12.00
# Visual Studio Version 17
VisualStudioVersion = 17.14.36414.22 d17.14
MinimumVisualStudioVersion = 10.0.40219.1
Project("{FAE04EC0-301F-11D3-BF4B-00C04F79EFBC}") = "Bai 14 - Collection - Dictionary", "Bai 14 - Collection - Dictionary.csproj", "{EE7975D3-F462-4FC2-BE52-087A6B040527}"
EndProject
Global
	GlobalSection(SolutionConfigurationPlatforms) = preSolution
		Debug|Any CPU = Debug|Any CPU
		Release|Any CPU = Release|Any CPU
	EndGlobalSection
	GlobalSection(ProjectConfigurationPlatforms) = postSolution
		{EE7975D3-F462-4FC2-BE52-087A6B040527}.Debug|Any CPU.ActiveCfg = Debug|Any CPU
		{EE7975D3-F462-4FC2-BE52-087A6B040527}.Debug|Any CPU.Build.0 = Debug|Any CPU
		{EE7975D3-F462-4FC2-BE52-087A6B040527}.Release|Any CPU.ActiveCfg = Release|Any CPU
		{EE7975D3-F462-4FC2-BE52-087A6B040527}.Release|Any CPU.Build.0 = Release|Any CPU
	EndGlobalSection
	GlobalSection(SolutionProperties) = preSolution
		HideSolutionNode = FALSE
	EndGlobalSection
	GlobalSection(ExtensibilityGlobals) = postSolution
		SolutionGuid = {6B9FB86C-5B5F-4738-AB64-50BE62BF7DB5}
	EndGlobalSection
EndGlobal
